{
  "name": "pulsenyc-mobile",
  "version": "0.1.0",
  "lockfileVersion": 3,
  "requires": true,
  "packages": {
    "": {
      "name": "pulsenyc-mobile",
      "version": "0.1.0",
      "dependencies": {
        "@react-native-async-storage/async-storage": "2.1.2",
        "@supabase/supabase-js": "^2.103.0",
        "expo": "~53.0.0",
        "expo-camera": "~16.1.0",
        "expo-constants": "~17.1.0",
        "expo-dev-client": "~5.1.0",
        "expo-device": "~7.1.0",
        "expo-font": "~13.3.0",
        "expo-linking": "~7.1.0",
        "expo-location": "~18.1.0",
        "expo-notifications": "~0.31.0",
        "expo-router": "~5.0.0",
        "expo-secure-store": "~14.1.0",
        "expo-splash-screen": "~0.30.0",
        "expo-status-bar": "~2.2.0",
        "react": "19.0.0",
        "react-native": "0.79.2",
        "react-native-gesture-handler": "~2.24.0",
        "react-native-health": "^1.19.0",
        "react-native-health-connect": "^3.2.0",
        "react-native-maps": "1.20.1",
        "react-native-reanimated": "~3.17.0",
        "react-native-safe-area-context": "~5.4.0",
        "react-native-screens": "~4.10.0",
        "react-native-svg": "~15.11.0"
      },
      "devDependencies": {
        "@babel/core": "^7.26.0",
        "@types/react": "~19.0.0",
        "typescript": "^5.7.0"
      }
    },
    "../../node_modules/.pnpm/@babel+core@7.29.0/node_modules/@babel/core": {
      "version": "7.29.0",
      "dev": true,
      "license": "MIT",
      "dependencies": {
        "@babel/code-frame": "^7.29.0",
        "@babel/generator": "^7.29.0",
        "@babel/helper-compilation-targets": "^7.28.6",
        "@babel/helper-module-transforms": "^7.28.6",
        "@babel/helpers": "^7.28.6",
        "@babel/parser": "^7.29.0",
        "@babel/template": "^7.28.6",
        "@babel/traverse": "^7.29.0",
        "@babel/types": "^7.29.0",
        "@jridgewell/remapping": "^2.3.5",
        "convert-source-map": "^2.0.0",
        "debug": "^4.1.0",
        "gensync": "^1.0.0-beta.2",
        "json5": "^2.2.3",
        "semver": "^6.3.1"
      },
      "devDependencies": {
        "@babel/helper-transform-fixture-test-runner": "^7.28.6",
        "@babel/plugin-syntax-flow": "^7.28.6",
        "@babel/plugin-transform-flow-strip-types": "^7.27.1",
        "@babel/plugin-transform-modules-commonjs": "^7.28.6",
        "@babel/preset-env": "^7.29.0",
        "@babel/preset-typescript": "^7.28.5",
        "@jridgewell/trace-mapping": "^0.3.28",
        "@types/convert-source-map": "^2.0.0",
        "@types/debug": "^4.1.0",
        "@types/resolve": "^1.3.2",
        "@types/semver": "^5.4.0",
        "rimraf": "^3.0.0",
        "ts-node": "^11.0.0-beta.1",
        "tsx": "^4.20.3"
      },
      "engines": {
        "node": ">=6.9.0"
      },
      "funding": {
        "type": "opencollective",
        "url": "https://opencollective.com/babel"
      }
    },
    "../../node_modules/.pnpm/@react-native-async-storage_796d0848e637328265c2643e9a24c4dc/node_modules/@react-native-async-storage/async-storage": {
      "version": "2.1.2",
      "license": "MIT",
      "dependencies": {
        "merge-options": "^3.0.4"
      },
      "devDependencies": {
        "@babel/core": "^7.25.0",
        "@babel/preset-env": "^7.25.0",
        "@react-native/babel-preset": "^0.76.2",
        "@types/lodash": "^4.14.184",
        "@types/mocha": "^10.0.1",
        "@types/react": "^18.0.0",
        "@wdio/appium-service": "^8.24.0",
        "@wdio/cli": "^8.24.0",
        "@wdio/local-runner": "^8.24.0",
        "@wdio/mocha-framework": "^8.11.0",
        "@wdio/spec-reporter": "^8.24.0",
        "appium": "2.2.2",
        "appium-uiautomator2-driver": "^2.34.1",
        "appium-xcuitest-driver": "^5.9.1",
        "concurrently": "^8.2.2",
        "eslint": "^8.54.0",
        "expo": "^48.0.0",
        "lodash": "^4.17.21",
        "prettier": "2.8.8",
        "react": "^18.3.1",
        "react-dom": "^18.3.1",
        "react-native": "^0.76.1",
        "react-native-builder-bob": "^0.33.3",
        "react-native-macos": "^0.76.1",
        "react-native-web": "~0.18.10",
        "react-native-windows": "^0.76.1",
        "react-test-renderer": "^18.2.0",
        "typescript": "^5.3.0",
        "webdriverio": "^8.24.0"
      },
      "peerDependencies": {
        "react-native": "^0.0.0-0 || >=0.65 <1.0"
      }
    },
    "../../node_modules/.pnpm/@supabase+supabase-js@2.104.0/node_modules/@supabase/supabase-js": {
      "version": "2.104.0",
      "license": "MIT",
      "dependencies": {
        "@supabase/auth-js": "2.104.0",
        "@supabase/functions-js": "2.104.0",
        "@supabase/postgrest-js": "2.104.0",
        "@supabase/realtime-js": "2.104.0",
        "@supabase/storage-js": "2.104.0"
      },
      "devDependencies": {
        "jsr": "^0.13.5",
        "puppeteer": "^24.9.0"
      },
      "engines": {
        "node": ">=20.0.0"
      }
    },
    "../../node_modules/.pnpm/@types+react@19.0.14/node_modules/@types/react": {
      "version": "19.0.14",
      "dev": true,
      "license": "MIT",
      "dependencies": {
        "csstype": "^3.0.2"
      }
    },
    "../../node_modules/.pnpm/expo-camera@16.1.11_expo@53_8503537c1c4668bc509abfc10e692ee5/node_modules/expo-camera": {
      "version": "16.1.11",
      "license": "MIT",
      "dependencies": {
        "invariant": "^2.2.4"
      },
      "devDependencies": {
        "expo-module-scripts": "^4.1.9"
      },
      "peerDependencies": {
        "expo": "*",
        "react": "*",
        "react-native": "*",
        "react-native-web": "*"
      },
      "peerDependenciesMeta": {
        "react-native-web": {
          "optional": true
        }
      }
    },
    "../../node_modules/.pnpm/expo-constants@17.1.8_expo@_24d2ef642d6f0dd82a39f6b82eeabbc3/node_modules/expo-constants": {
      "version": "17.1.8",
      "license": "MIT",
      "dependencies": {
        "@expo/config": "~11.0.13",
        "@expo/env": "~1.0.7"
      },
      "devDependencies": {
        "expo-module-scripts": "^4.1.10"
      },
      "peerDependencies": {
        "expo": "*",
        "react-native": "*"
      }
    },
    "../../node_modules/.pnpm/expo-dev-client@5.1.8_expo@_7a226d2f1bb5a390be1eabc69ae98aac/node_modules/expo-dev-client": {
      "version": "5.1.8",
      "license": "MIT",
      "dependencies": {
        "expo-dev-launcher": "5.1.11",
        "expo-dev-menu": "6.1.10",
        "expo-dev-menu-interface": "1.10.0",
        "expo-manifests": "~0.16.4",
        "expo-updates-interface": "~1.1.0"
      },
      "devDependencies": {
        "expo-module-scripts": "^4.1.6",
        "expo-test-runner": "0.2.5"
      },
      "peerDependencies": {
        "expo": "*"
      }
    },
    "../../node_modules/.pnpm/expo-device@7.1.4_expo@53.0_14788be0c58148441b9c9494561dce9a/node_modules/expo-device": {
      "version": "7.1.4",
      "license": "MIT",
      "dependencies": {
        "ua-parser-js": "^0.7.33"
      },
      "devDependencies": {
        "@types/ua-parser-js": "^0.7.39",
        "expo-module-scripts": "^4.1.6"
      },
      "peerDependencies": {
        "expo": "*"
      }
    },
    "../../node_modules/.pnpm/expo-font@13.3.2_expo@53.0._d6f1ae5cfa5f3c81e3bdf46142400550/node_modules/expo-font": {
      "version": "13.3.2",
      "license": "MIT",
      "dependencies": {
        "fontfaceobserver": "^2.1.0"
      },
      "devDependencies": {
        "@testing-library/react-native": "^13.1.0",
        "@types/fontfaceobserver": "^2.1.3",
        "expo-module-scripts": "^4.1.8"
      },
      "peerDependencies": {
        "expo": "*",
        "react": "*"
      }
    },
    "../../node_modules/.pnpm/expo-linking@7.1.7_expo@53._d64f479cd4bb61065d8f851b6e0d3e75/node_modules/expo-linking": {
      "version": "7.1.7",
      "license": "MIT",
      "dependencies": {
        "expo-constants": "~17.1.7",
        "invariant": "^2.2.4"
      },
      "devDependencies": {
        "expo-module-scripts": "^4.1.9"
      },
      "peerDependencies": {
        "react": "*",
        "react-native": "*"
      }
    },
    "../../node_modules/.pnpm/expo-location@18.1.6_expo@5_50ce92a38b7a5d24808f1e814e443dee/node_modules/expo-location": {
      "version": "18.1.6",
      "license": "MIT",
      "devDependencies": {
        "expo-module-scripts": "^4.1.8"
      },
      "peerDependencies": {
        "expo": "*"
      }
    },
    "../../node_modules/.pnpm/expo-notifications@0.31.5_e_b241e1d491fbca2cee30c284104a8ad2/node_modules/expo-notifications": {
      "version": "0.31.5",
      "license": "MIT",
      "dependencies": {
        "@expo/image-utils": "^0.7.6",
        "@ide/backoff": "^1.0.0",
        "abort-controller": "^3.0.0",
        "assert": "^2.0.0",
        "badgin": "^1.1.5",
        "expo-application": "~6.1.5",
        "expo-constants": "~17.1.8"
      },
      "devDependencies": {
        "expo-module-scripts": "^4.1.10",
        "memfs": "^3.2.0"
      },
      "peerDependencies": {
        "expo": "*",
        "react": "*",
        "react-native": "*"
      }
    },
    "../../node_modules/.pnpm/expo-router@5.0.7_51573deed9f6f14977ac33003d3cf521/node_modules/expo-router": {
      "version": "5.0.7",
      "license": "MIT",
      "dependencies": {
        "@expo/metro-runtime": "5.0.4",
        "@expo/server": "^0.6.2",
        "@radix-ui/react-slot": "1.2.0",
        "@react-navigation/bottom-tabs": "^7.3.10",
        "@react-navigation/native": "^7.1.6",
        "@react-navigation/native-stack": "^7.3.10",
        "client-only": "^0.0.1",
        "invariant": "^2.2.4",
        "react-fast-compare": "^3.2.2",
        "react-native-is-edge-to-edge": "^1.1.6",
        "schema-utils": "^4.0.1",
        "semver": "~7.6.3",
        "server-only": "^0.0.1",
        "shallowequal": "^1.1.0"
      },
      "devDependencies": {
        "@react-navigation/drawer": "^7.3.9",
        "@testing-library/jest-native": "^5.4.2",
        "@testing-library/react": "^15.0.7",
        "@testing-library/react-native": "^13.1.0",
        "@types/semver": "^7.7.0",
        "immer": "^10.1.1",
        "react-server-dom-webpack": "~19.0.0",
        "tsd": "^0.28.1"
      },
      "peerDependencies": {
        "@react-navigation/drawer": "^7.3.9",
        "expo": "*",
        "expo-constants": "*",
        "expo-linking": "*",
        "react-native-reanimated": "*",
        "react-native-safe-area-context": "*",
        "react-native-screens": "*"
      },
      "peerDependenciesMeta": {
        "@react-navigation/drawer": {
          "optional": true
        },
        "@testing-library/jest-native": {
          "optional": true
        },
        "react-native-reanimated": {
          "optional": true
        }
      }
    },
    "../../node_modules/.pnpm/expo-secure-store@14.1.1_ex_cea67b3d8b4b934ef961b59a92c70a23/node_modules/expo-secure-store": {
      "version": "14.1.1",
      "license": "MIT",
      "devDependencies": {
        "expo-module-scripts": "^4.1.1"
      },
      "peerDependencies": {
        "expo": "*"
      }
    },
    "../../node_modules/.pnpm/expo-splash-screen@0.30.10__7c79d24bd2fd4b2b25d95ccd8879589e/node_modules/expo-splash-screen": {
      "version": "0.30.10",
      "license": "MIT",
      "dependencies": {
        "@expo/prebuild-config": "^9.0.10"
      },
      "devDependencies": {
        "expo-module-scripts": "^4.1.9"
      },
      "peerDependencies": {
        "expo": "*"
      }
    },
    "../../node_modules/.pnpm/expo-status-bar@2.2.3_react_a292768eca61888c3f086b7e1b0e286a/node_modules/expo-status-bar": {
      "version": "2.2.3",
      "license": "MIT",
      "dependencies": {
        "react-native-edge-to-edge": "1.6.0",
        "react-native-is-edge-to-edge": "^1.1.6"
      },
      "devDependencies": {
        "@testing-library/jest-dom": "^5.16.5",
        "@testing-library/react": "^15.0.7",
        "@testing-library/react-native": "^13.1.0",
        "expo-module-scripts": "^4.1.6"
      },
      "peerDependencies": {
        "react": "*",
        "react-native": "*"
      }
    },
    "../../node_modules/.pnpm/expo@53.0.27_@babel+core@7._8c7a61bdb649ef71092c3fc17774b1f7/node_modules/expo": {
      "version": "53.0.27",
      "license": "MIT",
      "dependencies": {
        "@babel/runtime": "^7.20.0",
        "@expo/cli": "0.24.24",
        "@expo/config": "~11.0.13",
        "@expo/config-plugins": "~10.1.2",
        "@expo/fingerprint": "0.13.4",
        "@expo/metro-config": "0.20.18",
        "@expo/vector-icons": "^14.0.0",
        "babel-preset-expo": "~13.2.5",
        "expo-asset": "~11.1.7",
        "expo-constants": "~17.1.8",
        "expo-file-system": "~18.1.11",
        "expo-font": "~13.3.2",
        "expo-keep-awake": "~14.1.4",
        "expo-modules-autolinking": "2.1.15",
        "expo-modules-core": "2.5.0",
        "react-native-edge-to-edge": "1.6.0",
        "whatwg-url-without-unicode": "8.0.0-3"
      },
      "bin": {
        "expo": "bin/cli",
        "expo-modules-autolinking": "bin/autolinking",
        "fingerprint": "bin/fingerprint"
      },
      "devDependencies": {
        "@types/node": "^22.14.0",
        "@types/react": "~19.0.10",
        "@types/react-test-renderer": "^19.0.0",
        "expo-module-scripts": "^4.1.10",
        "react": "19.0.0",
        "react-dom": "19.0.0",
        "react-native": "0.79.6",
        "web-streams-polyfill": "^3.3.2",
        "ws": "^8.18.0"
      },
      "peerDependencies": {
        "@expo/dom-webview": "*",
        "@expo/metro-runtime": "*",
        "react": "*",
        "react-native": "*",
        "react-native-webview": "*"
      },
      "peerDependenciesMeta": {
        "@expo/dom-webview": {
          "optional": true
        },
        "@expo/metro-runtime": {
          "optional": true
        },
        "react-native-webview": {
          "optional": true
        }
      }
    },
    "../../node_modules/.pnpm/react-native-gesture-handle_7242fa077cc0a66e53c3068c6db45783/node_modules/react-native-gesture-handler": {
      "version": "2.24.0",
      "license": "MIT",
      "dependencies": {
        "@egjs/hammerjs": "^2.0.17",
        "hoist-non-react-statics": "^3.3.0",
        "invariant": "^2.2.4"
      },
      "devDependencies": {
        "@babel/core": "^7.25.2",
        "@babel/preset-env": "^7.25.3",
        "@babel/preset-typescript": "^7.12.7",
        "@react-native/babel-preset": "0.78.0",
        "@testing-library/react-native": "^12.5.1",
        "@types/hoist-non-react-statics": "^3.3.1",
        "@types/invariant": "^2.2.37",
        "@types/jest": "^27.0.3",
        "@types/react": "^19.0.0",
        "@types/react-test-renderer": "^19.0.0",
        "@typescript-eslint/eslint-plugin": "^4.33.0",
        "@typescript-eslint/parser": "^4.33.0",
        "babel-plugin-module-resolver": "^5.0.2",
        "clang-format": "^1.8.0",
        "eslint": "^7.32.0",
        "eslint-config-satya164": "^3.1.8",
        "eslint-import-resolver-babel-module": "^5.2.0",
        "eslint-plugin-jest": "^26.0.0",
        "eslint-plugin-prettier": "^5.2.1",
        "expo": "^35.0.1",
        "husky": "^8.0.1",
        "jest": "^28.1.0",
        "lint-staged": "^12.3.2",
        "madge": "^6.1.0",
        "prettier": "3.3.3",
        "react": "19.0.0",
        "react-native": "0.78.0",
        "react-native-builder-bob": "^0.17.1",
        "react-native-reanimated": "^3.12.0",
        "react-test-renderer": "19.0.0",
        "release-it": "^13.6.5",
        "typescript": "5.0.4"
      },
      "peerDependencies": {
        "react": "*",
        "react-native": "*"
      }
    },
    "../../node_modules/.pnpm/react-native-health-connect_a50646d59f47368c83c27be5d2d55cd6/node_modules/react-native-health-connect": {
      "version": "3.5.0",
      "license": "MIT",
      "workspaces": [
        "example",
        "docs"
      ],
      "devDependencies": {
        "@commitlint/config-conventional": "^17.4.2",
        "@evilmartians/lefthook": "^1.2.8",
        "@react-native-community/eslint-config": "^3.0.2",
        "@react-native/babel-preset": "0.81.1",
        "@release-it/conventional-changelog": "^5.0.0",
        "@types/jest": "^28.1.2",
        "@types/react": "~17.0.21",
        "commitlint": "^17.4.2",
        "del-cli": "^5.0.0",
        "eslint": "^8.4.1",
        "eslint-config-prettier": "^8.5.0",
        "eslint-plugin-prettier": "^4.0.0",
        "husky": "^8.0.3",
        "jest": "^29.6.3",
        "prettier": "^2.8.4",
        "react": "19.1.0",
        "react-native": "0.81.1",
        "react-native-builder-bob": "^0.20.0",
        "react-native-monorepo-config": "^0.1.9",
        "release-it": "^15.6.0",
        "typescript": "^4.9.5"
      },
      "engines": {
        "node": ">= 16.0.0"
      },
      "funding": {
        "url": "https://github.com/matinzd/react-native-health-connect?sponsor=1"
      },
      "peerDependencies": {
        "@expo/config-plugins": ">= 6.0.2",
        "react": "*",
        "react-native": "*"
      }
    },
    "../../node_modules/.pnpm/react-native-health@1.19.0__61e3a96bf3fba798f8352e2989dd2434/node_modules/react-native-health": {
      "version": "1.19.0",
      "license": "MIT",
      "dependencies": {
        "@expo/config-plugins": "^7.2.2"
      },
      "devDependencies": {
        "react-native": ">=0.67.3"
      },
      "engines": {
        "node": ">=16.0.0"
      },
      "peerDependencies": {
        "react-native": ">=0.67.3"
      }
    },
    "../../node_modules/.pnpm/react-native-maps@1.20.1_re_e99d6097bc71c8e701666f62a12b7552/node_modules/react-native-maps": {
      "version": "1.20.1",
      "license": "MIT",
      "dependencies": {
        "@types/geojson": "^7946.0.13"
      },
      "devDependencies": {
        "@babel/core": "^7.25.2",
        "@babel/preset-env": "^7.25.3",
        "@babel/runtime": "^7.25.0",
        "@commitlint/cli": "17.6.1",
        "@commitlint/config-conventional": "17.6.1",
        "@react-native/babel-preset": "0.76.1",
        "@react-native/eslint-config": "0.76.1",
        "@react-native/metro-config": "0.76.1",
        "@react-native/typescript-config": "0.76.1",
        "@semantic-release/changelog": "6.0.3",
        "@semantic-release/git": "10.0.1",
        "@types/jest": "29.5.1",
        "@types/react": "^18.2.6",
        "@types/react-native": "0.72.8",
        "@types/react-test-renderer": "^18.0.0",
        "babel-jest": "^29.6.3",
        "eslint": "^8.19.0",
        "husky": "8.0.3",
        "jest": "^29.6.3",
        "prettier": "2.8.8",
        "react": "^18.3.1",
        "react-native": "^0.76.1",
        "react-test-renderer": "18.3.1",
        "semantic-release": "24.2.0",
        "typescript": "5.0.4"
      },
      "engines": {
        "node": ">=18"
      },
      "peerDependencies": {
        "react": ">= 17.0.1",
        "react-native": ">= 0.64.3",
        "react-native-web": ">= 0.11"
      },
      "peerDependenciesMeta": {
        "react-native-web": {
          "optional": true
        }
      }
    },
    "../../node_modules/.pnpm/react-native-reanimated@3.1_c923cef558d80dea702b406e1e19260c/node_modules/react-native-reanimated": {
      "version": "3.17.5",
      "license": "MIT",
      "dependencies": {
        "@babel/plugin-transform-arrow-functions": "^7.0.0-0",
        "@babel/plugin-transform-class-properties": "^7.0.0-0",
        "@babel/plugin-transform-classes": "^7.0.0-0",
        "@babel/plugin-transform-nullish-coalescing-operator": "^7.0.0-0",
        "@babel/plugin-transform-optional-chaining": "^7.0.0-0",
        "@babel/plugin-transform-shorthand-properties": "^7.0.0-0",
        "@babel/plugin-transform-template-literals": "^7.0.0-0",
        "@babel/plugin-transform-unicode-regex": "^7.0.0-0",
        "@babel/preset-typescript": "^7.16.7",
        "convert-source-map": "^2.0.0",
        "invariant": "^2.2.4",
        "react-native-is-edge-to-edge": "1.1.7"
      },
      "devDependencies": {
        "@babel/cli": "^7.20.0",
        "@babel/core": "^7.25.2",
        "@babel/preset-env": "^7.25.3",
        "@babel/types": "^7.20.0",
        "@react-native/babel-preset": "0.79.0-rc.4",
        "@react-native/eslint-config": "0.79.0-rc.4",
        "@react-native/metro-config": "0.79.0-rc.4",
        "@react-native/typescript-config": "0.79.0-rc.4",
        "@testing-library/jest-native": "^4.0.4",
        "@testing-library/react-hooks": "^8.0.0",
        "@testing-library/react-native": "^13.0.1",
        "@types/babel__core": "^7.20.0",
        "@types/babel__generator": "^7.6.4",
        "@types/babel__traverse": "^7.14.2",
        "@types/convert-source-map": "^2.0.0",
        "@types/invariant": "^2.2.35",
        "@types/jest": "^29.5.13",
        "@types/node": "^18.0.0",
        "@types/react": "^19.0.10",
        "@types/react-test-renderer": "^19.0.0",
        "@typescript-eslint/eslint-plugin": "^6.19.0",
        "@typescript-eslint/parser": "^6.19.0",
        "@typescript-eslint/rule-tester": "^6.21.0",
        "axios": "^1.7.4",
        "babel-eslint": "^10.1.0",
        "babel-plugin-module-resolver": "^5.0.0",
        "clang-format": "^1.6.0",
        "code-tag": "^1.1.0",
        "cspell": "^8.8.0",
        "eslint": "^8.57.0",
        "eslint-config-prettier": "^8.3.0",
        "eslint-config-standard": "^17.1.0",
        "eslint-import-resolver-babel-module": "^5.3.1",
        "eslint-plugin-import": "^2.25.4",
        "eslint-plugin-jest": "^27.2.1",
        "eslint-plugin-n": "^16.4.0",
        "eslint-plugin-no-inline-styles": "^1.0.5",
        "eslint-plugin-promise": "^6.0.0",
        "eslint-plugin-react-hooks": "^4.6.0",
        "eslint-plugin-reanimated": "workspace:*",
        "eslint-plugin-standard": "^5.0.0",
        "eslint-plugin-tsdoc": "^0.2.17",
        "jest": "^29.0.0",
        "madge": "^5.0.1",
        "prettier": "^3.3.3",
        "react": "19.0.0",
        "react-native": "0.79.0-rc.4",
        "react-native-builder-bob": "patch:react-native-builder-bob@npm%3A0.33.1#~/.yarn/patches/react-native-builder-bob-npm-0.33.1-383d9e23a5.patch",
        "react-native-gesture-handler": "2.25.0",
        "react-native-web": "0.19.13",
        "react-test-renderer": "19.0.0",
        "shelljs": "^0.8.5",
        "ts-prune": "^0.10.3",
        "typescript": "~5.3.0"
      },
      "peerDependencies": {
        "@babel/core": "^7.0.0-0",
        "react": "*",
        "react-native": "*"
      }
    },
    "../../node_modules/.pnpm/react-native-safe-area-cont_d16b195762e313a1afda148957c50e6e/node_modules/react-native-safe-area-context": {
      "version": "5.4.1",
      "license": "MIT",
      "devDependencies": {
        "@commitlint/config-conventional": "^19.2.2",
        "@jest/globals": "^29.7.0",
        "@react-native/babel-preset": "^0.74.84",
        "@react-native/eslint-config": "^0.74.84",
        "@react-native/eslint-plugin-specs": "^0.74.84",
        "@release-it/conventional-changelog": "^8.0.1",
        "@types/react": "^18.3.3",
        "@types/react-dom": "^18.3.0",
        "@types/react-test-renderer": "^18.3.0",
        "@typescript-eslint/eslint-plugin": "^7.14.1",
        "@typescript-eslint/parser": "^7.14.1",
        "babel-plugin-module-resolver": "^5.0.2",
        "clang-format": "^1.8.0",
        "commitlint": "^19.3.0",
        "eslint": "^8.57.0",
        "eslint-config-prettier": "^9.1.0",
        "eslint-plugin-jest": "^28.6.0",
        "eslint-plugin-prettier": "^5.1.3",
        "husky": "^9.0.11",
        "jest": "^29.7.0",
        "prettier": "^3.3.2",
        "react": "^18.3.1",
        "react-dom": "^18.3.1",
        "react-native": "^0.74.2",
        "react-native-builder-bob": "^0.23.2",
        "react-test-renderer": "^18.3.1",
        "release-it": "^17.4.0",
        "typescript": "^5.5.2"
      },
      "peerDependencies": {
        "react": "*",
        "react-native": "*"
      }
    },
    "../../node_modules/.pnpm/react-native-screens@4.10.0_5e2a7114fe907fae4b5ec95051f861d7/node_modules/react-native-screens": {
      "version": "4.10.0",
      "license": "MIT",
      "dependencies": {
        "react-freeze": "^1.0.0",
        "warn-once": "^0.1.0"
      },
      "devDependencies": {
        "@babel/core": "^7.25.2",
        "@babel/eslint-parser": "7.22.15",
        "@react-native-community/cli": "15.0.1",
        "@react-native-community/cli-platform-android": "15.0.1",
        "@react-native-community/cli-platform-ios": "15.0.1",
        "@react-native/babel-preset": "0.78.0-rc.5",
        "@react-native/eslint-config": "0.78.0-rc.5",
        "@react-native/metro-config": "0.78.0-rc.5",
        "@react-native/typescript-config": "0.78.0-rc.5",
        "@react-navigation/native": "^5.8.0",
        "@react-navigation/stack": "^5.10.0",
        "@types/jest": "^29.5.13",
        "@types/react": "^19.0.0",
        "@types/react-test-renderer": "^19.0.0",
        "@typescript-eslint/eslint-plugin": "^6.5.0",
        "@typescript-eslint/parser": "^6.5.0",
        "clang-format": "^1.8.0",
        "eslint": "^8.56.0",
        "eslint-config-prettier": "^8.10.0",
        "eslint-config-standard": "^17.1.0",
        "eslint-plugin-ft-flow": "^3.0.11",
        "eslint-plugin-import": "^2.28.1",
        "eslint-plugin-jest": "^27.9.0",
        "eslint-plugin-n": "^16.0.2",
        "eslint-plugin-promise": "^6.1.1",
        "husky": "^8.0.3",
        "jest": "^29.6.3",
        "lint-staged": "^14.0.1",
        "prettier": "^2.8.8",
        "react": "^19.0.0",
        "react-dom": "^19.0.0",
        "react-native": "0.78.0-rc.5",
        "react-native-builder-bob": "^0.23.2",
        "react-native-gesture-handler": "^2.22.0",
        "react-native-reanimated": "3.16.7",
        "react-native-safe-area-context": "5.1.0",
        "react-native-windows": "^0.64.8",
        "react-test-renderer": "^19.0.0",
        "release-it": "^15.6.0",
        "typescript": "5.4.3"
      },
      "peerDependencies": {
        "react": "*",
        "react-native": "*"
      }
    },
    "../../node_modules/.pnpm/react-native-svg@15.11.2_re_d1c22eff15450eab5146a3a42e73e30a/node_modules/react-native-svg": {
      "version": "15.11.2",
      "license": "MIT",
      "dependencies": {
        "css-select": "^5.1.0",
        "css-tree": "^1.1.3",
        "warn-once": "0.1.1"
      },
      "devDependencies": {
        "@babel/core": "^7.25.2",
        "@babel/preset-env": "^7.25.3",
        "@react-native/babel-preset": "^0.77.0",
        "@react-native/eslint-config": "^0.77.0",
        "@types/css-tree": "^1.0.3",
        "@types/jest": "^27.5.2",
        "@types/node": "*",
        "@types/pixelmatch": "^5.2.0",
        "@types/pngjs": "^6.0.5",
        "@types/react": "^18.3.12",
        "@types/ws": "^8.5.13",
        "@typescript-eslint/eslint-plugin": "^5.11.0",
        "@typescript-eslint/parser": "^5.11.0",
        "babel-plugin-module-resolver": "^5.0.0",
        "clang-format": "^1.8.0",
        "eslint": "^8.44.0",
        "eslint-config-prettier": "^8.3.0",
        "eslint-config-standard": "^17.0.0",
        "eslint-import-resolver-babel-module": "^5.3.2",
        "eslint-plugin-import": "^2.25.4",
        "eslint-plugin-n": "^16.0.0",
        "eslint-plugin-promise": "^6.1.1",
        "eslint-plugin-react-hooks": "^4.6.0",
        "eslint-plugin-standard": "^5.0.0",
        "husky": "^8.0.1",
        "jest": "^28.1.0",
        "jest-html-reporters": "^3.1.7",
        "lint-staged": "^13.0.3",
        "peggy": "4.0.3",
        "pegjs": "^0.10.0",
        "pixelmatch": "5.3.0",
        "pngjs": "^7.0.0",
        "prettier": "3.0.1",
        "puppeteer": "^22.12.1",
        "react": "^18.3.1",
        "react-native": "^0.77.0",
        "react-native-builder-bob": "^0.20.4",
        "react-native-windows": "^0.76.3",
        "react-test-renderer": "^18.2.0",
        "release-it": "^14.12.5",
        "ts-node": "^10.9.2",
        "typescript": "^5.1.6",
        "ws": "^8.18.0"
      },
      "peerDependencies": {
        "react": "*",
        "react-native": "*"
      }
    },
    "../../node_modules/.pnpm/react-native@0.79.2_@babel+_349144bf8ec868cc48deeafbb00daef8/node_modules/react-native": {
      "version": "0.79.2",
      "license": "MIT",
      "dependencies": {
        "@jest/create-cache-key-function": "^29.7.0",
        "@react-native/assets-registry": "0.79.2",
        "@react-native/codegen": "0.79.2",
        "@react-native/community-cli-plugin": "0.79.2",
        "@react-native/gradle-plugin": "0.79.2",
        "@react-native/js-polyfills": "0.79.2",
        "@react-native/normalize-colors": "0.79.2",
        "@react-native/virtualized-lists": "0.79.2",
        "abort-controller": "^3.0.0",
        "anser": "^1.4.9",
        "ansi-regex": "^5.0.0",
        "babel-jest": "^29.7.0",
        "babel-plugin-syntax-hermes-parser": "0.25.1",
        "base64-js": "^1.5.1",
        "chalk": "^4.0.0",
        "commander": "^12.0.0",
        "event-target-shim": "^5.0.1",
        "flow-enums-runtime": "^0.0.6",
        "glob": "^7.1.1",
        "invariant": "^2.2.4",
        "jest-environment-node": "^29.7.0",
        "memoize-one": "^5.0.0",
        "metro-runtime": "^0.82.0",
        "metro-source-map": "^0.82.0",
        "nullthrows": "^1.1.1",
        "pretty-format": "^29.7.0",
        "promise": "^8.3.0",
        "react-devtools-core": "^6.1.1",
        "react-refresh": "^0.14.0",
        "regenerator-runtime": "^0.13.2",
        "scheduler": "0.25.0",
        "semver": "^7.1.3",
        "stacktrace-parser": "^0.1.10",
        "whatwg-fetch": "^3.0.0",
        "ws": "^6.2.3",
        "yargs": "^17.6.2"
      },
      "bin": {
        "react-native": "cli.js"
      },
      "engines": {
        "node": ">=18"
      },
      "peerDependencies": {
        "@types/react": "^19.0.0",
        "react": "^19.0.0"
      },
      "peerDependenciesMeta": {
        "@types/react": {
          "optional": true
        }
      }
    },
    "../../node_modules/.pnpm/typescript@5.9.3/node_modules/typescript": {
      "version": "5.9.3",
      "dev": true,
      "license": "Apache-2.0",
      "bin": {
        "tsc": "bin/tsc",
        "tsserver": "bin/tsserver"
      },
      "devDependencies": {
        "@dprint/formatter": "^0.4.1",
        "@dprint/typescript": "0.93.4",
        "@esfx/canceltoken": "^1.0.0",
        "@eslint/js": "^9.20.0",
        "@octokit/rest": "^21.1.1",
        "@types/chai": "^4.3.20",
        "@types/diff": "^7.0.1",
        "@types/minimist": "^1.2.5",
        "@types/mocha": "^10.0.10",
        "@types/ms": "^0.7.34",
        "@types/node": "latest",
        "@types/source-map-support": "^0.5.10",
        "@types/which": "^3.0.4",
        "@typescript-eslint/rule-tester": "^8.24.1",
        "@typescript-eslint/type-utils": "^8.24.1",
        "@typescript-eslint/utils": "^8.24.1",
        "azure-devops-node-api": "^14.1.0",
        "c8": "^10.1.3",
        "chai": "^4.5.0",
        "chokidar": "^4.0.3",
        "diff": "^7.0.0",
        "dprint": "^0.49.0",
        "esbuild": "^0.25.0",
        "eslint": "^9.20.1",
        "eslint-formatter-autolinkable-stylish": "^1.4.0",
        "eslint-plugin-regexp": "^2.7.0",
        "fast-xml-parser": "^4.5.2",
        "glob": "^10.4.5",
        "globals": "^15.15.0",
        "hereby": "^1.10.0",
        "jsonc-parser": "^3.3.1",
        "knip": "^5.44.4",
        "minimist": "^1.2.8",
        "mocha": "^10.8.2",
        "mocha-fivemat-progress-reporter": "^0.1.0",
        "monocart-coverage-reports": "^2.12.1",
        "ms": "^2.1.3",
        "picocolors": "^1.1.1",
        "playwright": "^1.50.1",
        "source-map-support": "^0.5.21",
        "tslib": "^2.8.1",
        "typescript": "^5.7.3",
        "typescript-eslint": "^8.24.1",
        "which": "^3.0.1"
      },
      "engines": {
        "node": ">=14.17"
      }
    },
    "../../packages/core": {
      "name": "@pulsenyc/core",
      "version": "0.1.0",
      "extraneous": true,
      "devDependencies": {
        "typescript": "^5.7.0"
      }
    },
    "node_modules/@babel/core": {
      "resolved": "../../node_modules/.pnpm/@babel+core@7.29.0/node_modules/@babel/core",
      "link": true
    },
    "node_modules/@react-native-async-storage/async-storage": {
      "resolved": "../../node_modules/.pnpm/@react-native-async-storage_796d0848e637328265c2643e9a24c4dc/node_modules/@react-native-async-storage/async-storage",
      "link": true
    },
    "node_modules/@supabase/supabase-js": {
      "resolved": "../../node_modules/.pnpm/@supabase+supabase-js@2.104.0/node_modules/@supabase/supabase-js",
      "link": true
    },
    "node_modules/@types/react": {
      "resolved": "../../node_modules/.pnpm/@types+react@19.0.14/node_modules/@types/react",
      "link": true
    },
    "node_modules/expo": {
      "resolved": "../../node_modules/.pnpm/expo@53.0.27_@babel+core@7._8c7a61bdb649ef71092c3fc17774b1f7/node_modules/expo",
      "link": true
    },
    "node_modules/expo-camera": {
      "resolved": "../../node_modules/.pnpm/expo-camera@16.1.11_expo@53_8503537c1c4668bc509abfc10e692ee5/node_modules/expo-camera",
      "link": true
    },
    "node_modules/expo-constants": {
      "resolved": "../../node_modules/.pnpm/expo-constants@17.1.8_expo@_24d2ef642d6f0dd82a39f6b82eeabbc3/node_modules/expo-constants",
      "link": true
    },
    "node_modules/expo-dev-client": {
      "resolved": "../../node_modules/.pnpm/expo-dev-client@5.1.8_expo@_7a226d2f1bb5a390be1eabc69ae98aac/node_modules/expo-dev-client",
      "link": true
    },
    "node_modules/expo-device": {
      "resolved": "../../node_modules/.pnpm/expo-device@7.1.4_expo@53.0_14788be0c58148441b9c9494561dce9a/node_modules/expo-device",
      "link": true
    },
    "node_modules/expo-font": {
      "resolved": "../../node_modules/.pnpm/expo-font@13.3.2_expo@53.0._d6f1ae5cfa5f3c81e3bdf46142400550/node_modules/expo-font",
      "link": true
    },
    "node_modules/expo-linking": {
      "resolved": "../../node_modules/.pnpm/expo-linking@7.1.7_expo@53._d64f479cd4bb61065d8f851b6e0d3e75/node_modules/expo-linking",
      "link": true
    },
    "node_modules/expo-location": {
      "resolved": "../../node_modules/.pnpm/expo-location@18.1.6_expo@5_50ce92a38b7a5d24808f1e814e443dee/node_modules/expo-location",
      "link": true
    },
    "node_modules/expo-notifications": {
      "resolved": "../../node_modules/.pnpm/expo-notifications@0.31.5_e_b241e1d491fbca2cee30c284104a8ad2/node_modules/expo-notifications",
      "link": true
    },
    "node_modules/expo-router": {
      "resolved": "../../node_modules/.pnpm/expo-router@5.0.7_51573deed9f6f14977ac33003d3cf521/node_modules/expo-router",
      "link": true
    },
    "node_modules/expo-secure-store": {
      "resolved": "../../node_modules/.pnpm/expo-secure-store@14.1.1_ex_cea67b3d8b4b934ef961b59a92c70a23/node_modules/expo-secure-store",
      "link": true
    },
    "node_modules/expo-splash-screen": {
      "resolved": "../../node_modules/.pnpm/expo-splash-screen@0.30.10__7c79d24bd2fd4b2b25d95ccd8879589e/node_modules/expo-splash-screen",
      "link": true
    },
    "node_modules/expo-status-bar": {
      "resolved": "../../node_modules/.pnpm/expo-status-bar@2.2.3_react_a292768eca61888c3f086b7e1b0e286a/node_modules/expo-status-bar",
      "link": true
    },
    "node_modules/react": {
      "version": "19.0.0",
      "license": "MIT",
      "engines": {
        "node": ">=0.10.0"
      }
    },
    "node_modules/react-native": {
      "resolved": "../../node_modules/.pnpm/react-native@0.79.2_@babel+_349144bf8ec868cc48deeafbb00daef8/node_modules/react-native",
      "link": true
    },
    "node_modules/react-native-gesture-handler": {
      "resolved": "../../node_modules/.pnpm/react-native-gesture-handle_7242fa077cc0a66e53c3068c6db45783/node_modules/react-native-gesture-handler",
      "link": true
    },
    "node_modules/react-native-health": {
      "resolved": "../../node_modules/.pnpm/react-native-health@1.19.0__61e3a96bf3fba798f8352e2989dd2434/node_modules/react-native-health",
      "link": true
    },
    "node_modules/react-native-health-connect": {
      "resolved": "../../node_modules/.pnpm/react-native-health-connect_a50646d59f47368c83c27be5d2d55cd6/node_modules/react-native-health-connect",
      "link": true
    },
    "node_modules/react-native-maps": {
      "resolved": "../../node_modules/.pnpm/react-native-maps@1.20.1_re_e99d6097bc71c8e701666f62a12b7552/node_modules/react-native-maps",
      "link": true
    },
    "node_modules/react-native-reanimated": {
      "resolved": "../../node_modules/.pnpm/react-native-reanimated@3.1_c923cef558d80dea702b406e1e19260c/node_modules/react-native-reanimated",
      "link": true
    },
    "node_modules/react-native-safe-area-context": {
      "resolved": "../../node_modules/.pnpm/react-native-safe-area-cont_d16b195762e313a1afda148957c50e6e/node_modules/react-native-safe-area-context",
      "link": true
    },
    "node_modules/react-native-screens": {
      "resolved": "../../node_modules/.pnpm/react-native-screens@4.10.0_5e2a7114fe907fae4b5ec95051f861d7/node_modules/react-native-screens",
      "link": true
    },
    "node_modules/react-native-svg": {
      "resolved": "../../node_modules/.pnpm/react-native-svg@15.11.2_re_d1c22eff15450eab5146a3a42e73e30a/node_modules/react-native-svg",
      "link": true
    },
    "node_modules/typescript": {
      "resolved": "../../node_modules/.pnpm/typescript@5.9.3/node_modules/typescript",
      "link": true
    }
  }
}
